
Microsoft Visual Studio Solution File, Format Version 12.00
# Visual Studio 15
VisualStudioVersion = 15.0.26430.6
MinimumVisualStudioVersion = 10.0.40219.1
Project("{FAE04EC0-301F-11D3-BF4B-00C04F79EFBC}") = "WindowsRA1", "WindowsRA1\WindowsRA1.csproj", "{E2A508F1-B0AE-476B-BE92-173983745405}"
EndProject
Project("{FAE04EC0-301F-11D3-BF4B-00C04F79EFBC}") = "WebApplication1", "WebApplication1\WebApplication1.csproj", "{72A70167-563E-448E-857B-CE92ABD66BFF}"
EndProject
Global
	GlobalSection(SolutionConfigurationPlatforms) = preSolution
		Debug|Any CPU = Debug|Any CPU
		Release|Any CPU = Release|Any CPU
	EndGlobalSection
	GlobalSection(ProjectConfigurationPlatforms) = postSolution
		{E2A508F1-B0AE-476B-BE92-173983745405}.Debug|Any CPU.ActiveCfg = Debug|Any CPU
		{E2A508F1-B0AE-476B-BE92-173983745405}.Debug|Any CPU.Build.0 = Debug|Any CPU
		{E2A508F1-B0AE-476B-BE92-173983745405}.Release|Any CPU.ActiveCfg = Release|Any CPU
		{E2A508F1-B0AE-476B-BE92-173983745405}.Release|Any CPU.Build.0 = Release|Any CPU
		{72A70167-563E-448E-857B-CE92ABD66BFF}.Debug|Any CPU.ActiveCfg = Debug|Any CPU
		{72A70167-563E-448E-857B-CE92ABD66BFF}.Debug|Any CPU.Build.0 = Debug|Any CPU
		{72A70167-563E-448E-857B-CE92ABD66BFF}.Release|Any CPU.ActiveCfg = Release|Any CPU
		{72A70167-563E-448E-857B-CE92ABD66BFF}.Release|Any CPU.Build.0 = Release|Any CPU
	EndGlobalSection
	GlobalSection(SolutionProperties) = preSolution
		HideSolutionNode = FALSE
	EndGlobalSection
EndGlobal
